// !$*UTF8*$!
{
	archiveVersion = 1;
	classes = {
	};
	objectVersion = 46;
	objects = {

/* Begin PBXBuildFile section */
		037DCF611DE21F9700754DCD /* Storyboard.storyboard in Resources */ = {isa = PBXBuildFile; fileRef = 037DCF601DE21F9700754DCD /* Storyboard.storyboard */; };
		037DCF651DE229E600754DCD /* View.xib in Resources */ = {isa = PBXBuildFile; fileRef = 037DCF641DE229E600754DCD /* View.xib */; };
		80106FA41C94CDA500B5BB19 /* AppDelegate.swift in Sources */ = {isa = PBXBuildFile; fileRef = 80106FA31C94CDA500B5BB19 /* AppDelegate.swift */; };
		80106FA61C94CDA500B5BB19 /* ViewController.swift in Sources */ = {isa = PBXBuildFile; fileRef = 80106FA51C94CDA500B5BB19 /* ViewController.swift */; };
		80106FAB1C94CDA500B5BB19 /* Assets.xcassets in Resources */ = {isa = PBXBuildFile; fileRef = 80106FAA1C94CDA500B5BB19 /* Assets.xcassets */; };
		80106FB61C94CE4C00B5BB19 /* ViewController.xib in Resources */ = {isa = PBXBuildFile; fileRef = 80106FB51C94CE4C00B5BB19 /* ViewController.xib */; };
		80106FB81C94D02F00B5BB19 /* LaunchScreen.xib in Resources */ = {isa = PBXBuildFile; fileRef = 80106FB71C94D02F00B5BB19 /* LaunchScreen.xib */; };
		804F20701C96329A00B6600F /* SimpleBluetoothIO.swift in Sources */ = {isa = PBXBuildFile; fileRef = 804F206F1C96329A00B6600F /* SimpleBluetoothIO.swift */; };
		804F20721C96363C00B6600F /* NSData+Int8.swift in Sources */ = {isa = PBXBuildFile; fileRef = 804F20711C96363C00B6600F /* NSData+Int8.swift */; };
/* End PBXBuildFile section */

/* Begin PBXFileReference section */
		037DCF601DE21F9700754DCD /* Storyboard.storyboard */ = {isa = PBXFileReference; fileEncoding = 4; lastKnownFileType = file.storyboard; path = Storyboard.storyboard; sourceTree = "<group>"; };
		037DCF641DE229E600754DCD /* View.xib */ = {isa = PBXFileReference; fileEncoding = 4; lastKnownFileType = file.xib; path = View.xib; sourceTree = "<group>"; };
		80106FA01C94CDA500B5BB19 /* MusicMaistro.app */ = {isa = PBXFileReference; explicitFileType = wrapper.application; includeInIndex = 0; path = MusicMaistro.app; sourceTree = BUILT_PRODUCTS_DIR; };
		80106FA31C94CDA500B5BB19 /* AppDelegate.swift */ = {isa = PBXFileReference; lastKnownFileType = sourcecode.swift; path = AppDelegate.swift; sourceTree = "<group>"; };
		80106FA51C94CDA500B5BB19 /* ViewController.swift */ = {isa = PBXFileReference; lastKnownFileType = sourcecode.swift; path = ViewController.swift; sourceTree = "<group>"; };
		80106FAA1C94CDA500B5BB19 /* Assets.xcassets */ = {isa = PBXFileReference; lastKnownFileType = folder.assetcatalog; path = Assets.xcassets; sourceTree = "<group>"; };
		80106FAF1C94CDA500B5BB19 /* Info.plist */ = {isa = PBXFileReference; lastKnownFileType = text.plist.xml; path = Info.plist; sourceTree = "<group>"; };
		80106FB51C94CE4C00B5BB19 /* ViewController.xib */ = {isa = PBXFileReference; fileEncoding = 4; lastKnownFileType = file.xib; path = ViewController.xib; sourceTree = "<group>"; };
		80106FB71C94D02F00B5BB19 /* LaunchScreen.xib */ = {isa = PBXFileReference; fileEncoding = 4; lastKnownFileType = file.xib; path = LaunchScreen.xib; sourceTree = "<group>"; };
		804F206F1C96329A00B6600F /* SimpleBluetoothIO.swift */ = {isa = PBXFileReference; fileEncoding = 4; lastKnownFileType = sourcecode.swift; path = SimpleBluetoothIO.swift; sourceTree = "<group>"; };
		804F20711C96363C00B6600F /* NSData+Int8.swift */ = {isa = PBXFileReference; fileEncoding = 4; lastKnownFileType = sourcecode.swift; path = "NSData+Int8.swift"; sourceTree = "<group>"; };
/* End PBXFileReference section */

/* Begin PBXFrameworksBuildPhase section */
		80106F9D1C94CDA400B5BB19 /* Frameworks */ = {
			isa = PBXFrameworksBuildPhase;
			buildActionMask = 2147483647;
			files = (
			);
			runOnlyForDeploymentPostprocessing = 0;
		};
/* End PBXFrameworksBuildPhase section */

/* Begin PBXGroup section */
		80106F971C94CDA400B5BB19 = {
			isa = PBXGroup;
			children = (
				80106FA21C94CDA500B5BB19 /* HelloBluetooth */,
				80106FA11C94CDA500B5BB19 /* Products */,
			);
			sourceTree = "<group>";
		};
		80106FA11C94CDA500B5BB19 /* Products */ = {
			isa = PBXGroup;
			children = (
				80106FA01C94CDA500B5BB19 /* MusicMaistro.app */,
			);
			name = Products;
			sourceTree = "<group>";
		};
		80106FA21C94CDA500B5BB19 /* HelloBluetooth */ = {
			isa = PBXGroup;
			children = (
				80106FA31C94CDA500B5BB19 /* AppDelegate.swift */,
				804F20711C96363C00B6600F /* NSData+Int8.swift */,
				804F206F1C96329A00B6600F /* SimpleBluetoothIO.swift */,
				80106FA51C94CDA500B5BB19 /* ViewController.swift */,
				80106FB51C94CE4C00B5BB19 /* ViewController.xib */,
				80106FAA1C94CDA500B5BB19 /* Assets.xcassets */,
				80106FAF1C94CDA500B5BB19 /* Info.plist */,
				80106FB71C94D02F00B5BB19 /* LaunchScreen.xib */,
				037DCF601DE21F9700754DCD /* Storyboard.storyboard */,
				037DCF641DE229E600754DCD /* View.xib */,
			);
			path = HelloBluetooth;
			sourceTree = "<group>";
		};
/* End PBXGroup section */

/* Begin PBXNativeTarget section */
		80106F9F1C94CDA400B5BB19 /* MusicMaistro */ = {
			isa = PBXNativeTarget;
			buildConfigurationList = 80106FB21C94CDA500B5BB19 /* Build configuration list for PBXNativeTarget "MusicMaistro" */;
			buildPhases = (
				80106F9C1C94CDA400B5BB19 /* Sources */,
				80106F9D1C94CDA400B5BB19 /* Frameworks */,
				80106F9E1C94CDA400B5BB19 /* Resources */,
			);
			buildRules = (
			);
			dependencies = (
			);
			name = MusicMaistro;
			productName = HelloBluetooth;
			productReference = 80106FA01C94CDA500B5BB19 /* MusicMaistro.app */;
			productType = "com.apple.product-type.application";
		};
/* End PBXNativeTarget section */

/* Begin PBXProject section */
		80106F981C94CDA400B5BB19 /* Project object */ = {
			isa = PBXProject;
			attributes = {
				LastSwiftUpdateCheck = 0720;
				LastUpgradeCheck = 0720;
				ORGANIZATIONNAME = "Nebojsa Petrovic";
				TargetAttributes = {
					80106F9F1C94CDA400B5BB19 = {
						CreatedOnToolsVersion = 7.2.1;
						DevelopmentTeam = DM928XZLH5;
						LastSwiftMigration = 0800;
					};
				};
			};
			buildConfigurationList = 80106F9B1C94CDA400B5BB19 /* Build configuration list for PBXProject "MusicMaistro" */;
			compatibilityVersion = "Xcode 3.2";
			developmentRegion = English;
			hasScannedForEncodings = 0;
			knownRegions = (
				en,
				Base,
			);
			mainGroup = 80106F971C94CDA400B5BB19;
			productRefGroup = 80106FA11C94CDA500B5BB19 /* Products */;
			projectDirPath = "";
			projectRoot = "";
			targets = (
				80106F9F1C94CDA400B5BB19 /* MusicMaistro */,
			);
		};
/* End PBXProject section */

/* Begin PBXResourcesBuildPhase section */
		80106F9E1C94CDA400B5BB19 /* Resources */ = {
			isa = PBXResourcesBuildPhase;
			buildActionMask = 2147483647;
			files = (
				80106FB61C94CE4C00B5BB19 /* ViewController.xib in Resources */,
				037DCF651DE229E600754DCD /* View.xib in Resources */,
				037DCF611DE21F9700754DCD /* Storyboard.storyboard in Resources */,
				80106FB81C94D02F00B5BB19 /* LaunchScreen.xib in Resources */,
				80106FAB1C94CDA500B5BB19 /* Assets.xcassets in Resources */,
			);
			runOnlyForDeploymentPostprocessing = 0;
		};
/* End PBXResourcesBuildPhase section */

/* Begin PBXSourcesBuildPhase section */
		80106F9C1C94CDA400B5BB19 /* Sources */ = {
			isa = PBXSourcesBuildPhase;
			buildActionMask = 2147483647;
			files = (
				80106FA61C94CDA500B5BB19 /* ViewController.swift in Sources */,
				804F20721C96363C00B6600F /* NSData+Int8.swift in Sources */,
				804F20701C96329A00B6600F /* SimpleBluetoothIO.swift in Sources */,
				80106FA41C94CDA500B5BB19 /* AppDelegate.swift in Sources */,
			);
			runOnlyForDeploymentPostprocessing = 0;
		};
/* End PBXSourcesBuildPhase section */

/* Begin XCBuildConfiguration section */
		80106FB01C94CDA500B5BB19 /* Debug */ = {
			isa = XCBuildConfiguration;
			buildSettings = {
				ALWAYS_SEARCH_USER_PATHS = NO;
				CLANG_CXX_LANGUAGE_STANDARD = "gnu++0x";
				CLANG_CXX_LIBRARY = "libc++";
				CLANG_ENABLE_MODULES = YES;
				CLANG_ENABLE_OBJC_ARC = YES;
				CLANG_WARN_BOOL_CONVERSION = YES;
				CLANG_WARN_CONSTANT_CONVERSION = YES;
				CLANG_WARN_DIRECT_OBJC_ISA_USAGE = YES_ERROR;
				CLANG_WARN_EMPTY_BODY = YES;
				CLANG_WARN_ENUM_CONVERSION = YES;
				CLANG_WARN_INT_CONVERSION = YES;
				CLANG_WARN_OBJC_ROOT_CLASS = YES_ERROR;
				CLANG_WARN_UNREACHABLE_CODE = YES;
				CLANG_WARN__DUPLICATE_METHOD_MATCH = YES;
				"CODE_SIGN_IDENTITY[sdk=iphoneos*]" = "iPhone Developer";
				COPY_PHASE_STRIP = NO;
				DEBUG_INFORMATION_FORMAT = dwarf;
				ENABLE_STRICT_OBJC_MSGSEND = YES;
				ENABLE_TESTABILITY = YES;
				GCC_C_LANGUAGE_STANDARD = gnu99;
				GCC_DYNAMIC_NO_PIC = NO;
				GCC_NO_COMMON_BLOCKS = YES;
				GCC_OPTIMIZATION_LEVEL = 0;
				GCC_PREPROCESSOR_DEFINITIONS = (
					"DEBUG=1",
					"$(inherited)",
				);
				GCC_WARN_64_TO_32_BIT_CONVERSION = YES;
				GCC_WARN_ABOUT_RETURN_TYPE = YES_ERROR;
				GCC_WARN_UNDECLARED_SELECTOR = YES;
				GCC_WARN_UNINITIALIZED_AUTOS = YES_AGGRESSIVE;
				GCC_WARN_UNUSED_FUNCTION = YES;
				GCC_WARN_UNUSED_VARIABLE = YES;
				IPHONEOS_DEPLOYMENT_TARGET = 9.2;
				MTL_ENABLE_DEBUG_INFO = YES;
				ONLY_ACTIVE_ARCH = YES;
				SDKROOT = iphoneos;
				SWIFT_OPTIMIZATION_LEVEL = "-Onone";
			};
			name = Debug;
		};
		80106FB11C94CDA500B5BB19 /* Release */ = {
			isa = XCBuildConfiguration;
			buildSettings = {
				ALWAYS_SEARCH_USER_PATHS = NO;
				CLANG_CXX_LANGUAGE_STANDARD = "gnu++0x";
				CLANG_CXX_LIBRARY = "libc++";
				CLANG_ENABLE_MODULES = YES;
				CLANG_ENABLE_OBJC_ARC = YES;
				CLANG_WARN_BOOL_CONVERSION = YES;
				CLANG_WARN_CONSTANT_CONVERSION = YES;
				CLANG_WARN_DIRECT_OBJC_ISA_USAGE = YES_ERROR;
				CLANG_WARN_EMPTY_BODY = YES;
				CLANG_WARN_ENUM_CONVERSION = YES;
				CLANG_WARN_INT_CONVERSION = YES;
				CLANG_WARN_OBJC_ROOT_CLASS = YES_ERROR;
				CLANG_WARN_UNREACHABLE_CODE = YES;
				CLANG_WARN__DUPLICATE_METHOD_MATCH = YES;
				"CODE_SIGN_IDENTITY[sdk=iphoneos*]" = "iPhone Developer";
				COPY_PHASE_STRIP = NO;
				DEBUG_INFORMATION_FORMAT = "dwarf-with-dsym";
				ENABLE_NS_ASSERTIONS = NO;
				ENABLE_STRICT_OBJC_MSGSEND = YES;
				GCC_C_LANGUAGE_STANDARD = gnu99;
				GCC_NO_COMMON_BLOCKS = YES;
				GCC_WARN_64_TO_32_BIT_CONVERSION = YES;
				GCC_WARN_ABOUT_RETURN_TYPE = YES_ERROR;
				GCC_WARN_UNDECLARED_SELECTOR = YES;
				GCC_WARN_UNINITIALIZED_AUTOS = YES_AGGRESSIVE;
				GCC_WARN_UNUSED_FUNCTION = YES;
				GCC_WARN_UNUSED_VARIABLE = YES;
				IPHONEOS_DEPLOYMENT_TARGET = 9.2;
				MTL_ENABLE_DEBUG_INFO = NO;
				SDKROOT = iphoneos;
				VALIDATE_PRODUCT = YES;
			};
			name = Release;
		};
		80106FB31C94CDA500B5BB19 /* Debug */ = {
			isa = XCBuildConfiguration;
			buildSettings = {
				ASSETCATALOG_COMPILER_APPICON_NAME = AppIcon;
				DEVELOPMENT_TEAM = DM928XZLH5;
				INFOPLIST_FILE = HelloBluetooth/Info.plist;
				LD_RUNPATH_SEARCH_PATHS = "$(inherited) @executable_path/Frameworks";
				PRODUCT_BUNDLE_IDENTIFIER = com.nebsp.HelloBluetooth;
				PRODUCT_NAME = "$(TARGET_NAME)";
				SWIFT_VERSION = 2.3;
			};
			name = Debug;
		};
		80106FB41C94CDA500B5BB19 /* Release */ = {
			isa = XCBuildConfiguration;
			buildSettings = {
				ASSETCATALOG_COMPILER_APPICON_NAME = AppIcon;
				DEVELOPMENT_TEAM = DM928XZLH5;
				INFOPLIST_FILE = HelloBluetooth/Info.plist;
				LD_RUNPATH_SEARCH_PATHS = "$(inherited) @executable_path/Frameworks";
				PRODUCT_BUNDLE_IDENTIFIER = com.nebsp.HelloBluetooth;
				PRODUCT_NAME = "$(TARGET_NAME)";
				SWIFT_VERSION = 2.3;
			};
			name = Release;
		};
/* End XCBuildConfiguration section */

/* Begin XCConfigurationList section */
		80106F9B1C94CDA400B5BB19 /* Build configuration list for PBXProject "MusicMaistro" */ = {
			isa = XCConfigurationList;
			buildConfigurations = (
				80106FB01C94CDA500B5BB19 /* Debug */,
				80106FB11C94CDA500B5BB19 /* Release */,
			);
			defaultConfigurationIsVisible = 0;
			defaultConfigurationName = Release;
		};
		80106FB21C94CDA500B5BB19 /* Build configuration list for PBXNativeTarget "MusicMaistro" */ = {
			isa = XCConfigurationList;
			buildConfigurations = (
				80106FB31C94CDA500B5BB19 /* Debug */,
				80106FB41C94CDA500B5BB19 /* Release */,
			);
			defaultConfigurationIsVisible = 0;
			defaultConfigurationName = Release;
		};
/* End XCConfigurationList section */
	};
	rootObject = 80106F981C94CDA400B5BB19 /* Project object */;
}
